
Microsoft Visual Studio Solution File, Format Version 12.00
# Visual Studio 15
VisualStudioVersion = 15.0.27428.2043
MinimumVisualStudioVersion = 10.0.40219.1
Project("{FAE04EC0-301F-11D3-BF4B-00C04F79EFBC}") = "BluetoothLevel.XFApp.Android", "BluetoothLevel.XFApp\BluetoothLevel.XFApp.Android\BluetoothLevel.XFApp.Android.csproj", "{CB534F58-AFD3-4049-9813-BF2713DF3DC1}"
EndProject
Project("{FAE04EC0-301F-11D3-BF4B-00C04F79EFBC}") = "BluetoothLevel.XFApp.iOS", "BluetoothLevel.XFApp\BluetoothLevel.XFApp.iOS\BluetoothLevel.XFApp.iOS.csproj", "{4EDDB418-9892-4224-8998-7A11F4FCD13C}"
EndProject
Project("{FAE04EC0-301F-11D3-BF4B-00C04F79EFBC}") = "BluetoothLevel.XFApp.UWP", "BluetoothLevel.XFApp\BluetoothLevel.XFApp.UWP\BluetoothLevel.XFApp.UWP.csproj", "{0253A77D-1D16-4EDF-B62F-FCC94C9AA95E}"
EndProject
Project("{9A19103F-16F7-4668-BE54-9A1E7A4F7556}") = "BluetoothLevel.XFApp", "BluetoothLevel.XFApp\BluetoothLevel.XFApp\BluetoothLevel.XFApp.csproj", "{F494013B-D58E-4564-AAB0-D822938BC610}"
EndProject
Project("{2150E333-8FDC-42A3-9474-1A3956D46DE8}") = "Libraries", "Libraries", "{157C41AE-4F8A-41C6-AD36-313E6F38EAC4}"
EndProject
Project("{FAE04EC0-301F-11D3-BF4B-00C04F79EFBC}") = "Plugin.BLE.Abstractions", "..\Libraries\Plugin.BLE.Abstractions\Plugin.BLE.Abstractions.csproj", "{F479F7DB-CFA6-49E5-AA41-4FE6A4DA39B0}"
EndProject
Project("{FAE04EC0-301F-11D3-BF4B-00C04F79EFBC}") = "Plugin.BLE", "..\Libraries\Plugin.BLE\Plugin.BLE.csproj", "{951ED11D-D026-449C-90DC-5027BC41FB3B}"
EndProject
Project("{FAE04EC0-301F-11D3-BF4B-00C04F79EFBC}") = "Plugin.BLE.UWP", "..\Libraries\Plugin.BLE.UWP\Plugin.BLE.UWP.csproj", "{CCD85512-A2D7-4076-B31D-7A24829058AF}"
EndProject
Global
	GlobalSection(SolutionConfigurationPlatforms) = preSolution
		Ad-Hoc|Any CPU = Ad-Hoc|Any CPU
		Ad-Hoc|ARM = Ad-Hoc|ARM
		Ad-Hoc|iPhone = Ad-Hoc|iPhone
		Ad-Hoc|iPhoneSimulator = Ad-Hoc|iPhoneSimulator
		Ad-Hoc|x64 = Ad-Hoc|x64
		Ad-Hoc|x86 = Ad-Hoc|x86
		AppStore|Any CPU = AppStore|Any CPU
		AppStore|ARM = AppStore|ARM
		AppStore|iPhone = AppStore|iPhone
		AppStore|iPhoneSimulator = AppStore|iPhoneSimulator
		AppStore|x64 = AppStore|x64
		AppStore|x86 = AppStore|x86
		Debug|Any CPU = Debug|Any CPU
		Debug|ARM = Debug|ARM
		Debug|iPhone = Debug|iPhone
		Debug|iPhoneSimulator = Debug|iPhoneSimulator
		Debug|x64 = Debug|x64
		Debug|x86 = Debug|x86
		Release|Any CPU = Release|Any CPU
		Release|ARM = Release|ARM
		Release|iPhone = Release|iPhone
		Release|iPhoneSimulator = Release|iPhoneSimulator
		Release|x64 = Release|x64
		Release|x86 = Release|x86
	EndGlobalSection
	GlobalSection(ProjectConfigurationPlatforms) = postSolution
		{CB534F58-AFD3-4049-9813-BF2713DF3DC1}.Ad-Hoc|Any CPU.ActiveCfg = Release|Any CPU
		{CB534F58-AFD3-4049-9813-BF2713DF3DC1}.Ad-Hoc|Any CPU.Build.0 = Release|Any CPU
		{CB534F58-AFD3-4049-9813-BF2713DF3DC1}.Ad-Hoc|Any CPU.Deploy.0 = Release|Any CPU
		{CB534F58-AFD3-4049-9813-BF2713DF3DC1}.Ad-Hoc|ARM.ActiveCfg = Release|Any CPU
		{CB534F58-AFD3-4049-9813-BF2713DF3DC1}.Ad-Hoc|ARM.Build.0 = Release|Any CPU
		{CB534F58-AFD3-4049-9813-BF2713DF3DC1}.Ad-Hoc|ARM.Deploy.0 = Release|Any CPU
		{CB534F58-AFD3-4049-9813-BF2713DF3DC1}.Ad-Hoc|iPhone.ActiveCfg = Release|Any CPU
		{CB534F58-AFD3-4049-9813-BF2713DF3DC1}.Ad-Hoc|iPhone.Build.0 = Release|Any CPU
		{CB534F58-AFD3-4049-9813-BF2713DF3DC1}.Ad-Hoc|iPhone.Deploy.0 = Release|Any CPU
		{CB534F58-AFD3-4049-9813-BF2713DF3DC1}.Ad-Hoc|iPhoneSimulator.ActiveCfg = Release|Any CPU
		{CB534F58-AFD3-4049-9813-BF2713DF3DC1}.Ad-Hoc|iPhoneSimulator.Build.0 = Release|Any CPU
		{CB534F58-AFD3-4049-9813-BF2713DF3DC1}.Ad-Hoc|iPhoneSimulator.Deploy.0 = Release|Any CPU
		{CB534F58-AFD3-4049-9813-BF2713DF3DC1}.Ad-Hoc|x64.ActiveCfg = Release|Any CPU
		{CB534F58-AFD3-4049-9813-BF2713DF3DC1}.Ad-Hoc|x64.Build.0 = Release|Any CPU
		{CB534F58-AFD3-4049-9813-BF2713DF3DC1}.Ad-Hoc|x64.Deploy.0 = Release|Any CPU
		{CB534F58-AFD3-4049-9813-BF2713DF3DC1}.Ad-Hoc|x86.ActiveCfg = Release|Any CPU
		{CB534F58-AFD3-4049-9813-BF2713DF3DC1}.Ad-Hoc|x86.Build.0 = Release|Any CPU
		{CB534F58-AFD3-4049-9813-BF2713DF3DC1}.Ad-Hoc|x86.Deploy.0 = Release|Any CPU
		{CB534F58-AFD3-4049-9813-BF2713DF3DC1}.AppStore|Any CPU.ActiveCfg = Release|Any CPU
		{CB534F58-AFD3-4049-9813-BF2713DF3DC1}.AppStore|Any CPU.Build.0 = Release|Any CPU
		{CB534F58-AFD3-4049-9813-BF2713DF3DC1}.AppStore|Any CPU.Deploy.0 = Release|Any CPU
		{CB534F58-AFD3-4049-9813-BF2713DF3DC1}.AppStore|ARM.ActiveCfg = Release|Any CPU
		{CB534F58-AFD3-4049-9813-BF2713DF3DC1}.AppStore|ARM.Build.0 = Release|Any CPU
		{CB534F58-AFD3-4049-9813-BF2713DF3DC1}.AppStore|ARM.Deploy.0 = Release|Any CPU
		{CB534F58-AFD3-4049-9813-BF2713DF3DC1}.AppStore|iPhone.ActiveCfg = Release|Any CPU
		{CB534F58-AFD3-4049-9813-BF2713DF3DC1}.AppStore|iPhone.Build.0 = Release|Any CPU
		{CB534F58-AFD3-4049-9813-BF2713DF3DC1}.AppStore|iPhone.Deploy.0 = Release|Any CPU
		{CB534F58-AFD3-4049-9813-BF2713DF3DC1}.AppStore|iPhoneSimulator.ActiveCfg = Release|Any CPU
		{CB534F58-AFD3-4049-9813-BF2713DF3DC1}.AppStore|iPhoneSimulator.Build.0 = Release|Any CPU
		{CB534F58-AFD3-4049-9813-BF2713DF3DC1}.AppStore|iPhoneSimulator.Deploy.0 = Release|Any CPU
		{CB534F58-AFD3-4049-9813-BF2713DF3DC1}.AppStore|x64.ActiveCfg = Release|Any CPU
		{CB534F58-AFD3-4049-9813-BF2713DF3DC1}.AppStore|x64.Build.0 = Release|Any CPU
		{CB534F58-AFD3-4049-9813-BF2713DF3DC1}.AppStore|x64.Deploy.0 = Release|Any CPU
		{CB534F58-AFD3-4049-9813-BF2713DF3DC1}.AppStore|x86.ActiveCfg = Release|Any CPU
		{CB534F58-AFD3-4049-9813-BF2713DF3DC1}.AppStore|x86.Build.0 = Release|Any CPU
		{CB534F58-AFD3-4049-9813-BF2713DF3DC1}.AppStore|x86.Deploy.0 = Release|Any CPU
		{CB534F58-AFD3-4049-9813-BF2713DF3DC1}.Debug|Any CPU.ActiveCfg = Debug|Any CPU
		{CB534F58-AFD3-4049-9813-BF2713DF3DC1}.Debug|Any CPU.Build.0 = Debug|Any CPU
		{CB534F58-AFD3-4049-9813-BF2713DF3DC1}.Debug|Any CPU.Deploy.0 = Debug|Any CPU
		{CB534F58-AFD3-4049-9813-BF2713DF3DC1}.Debug|ARM.ActiveCfg = Debug|Any CPU
		{CB534F58-AFD3-4049-9813-BF2713DF3DC1}.Debug|ARM.Build.0 = Debug|Any CPU
		{CB534F58-AFD3-4049-9813-BF2713DF3DC1}.Debug|ARM.Deploy.0 = Debug|Any CPU
		{CB534F58-AFD3-4049-9813-BF2713DF3DC1}.Debug|iPhone.ActiveCfg = Debug|Any CPU
		{CB534F58-AFD3-4049-9813-BF2713DF3DC1}.Debug|iPhone.Build.0 = Debug|Any CPU
		{CB534F58-AFD3-4049-9813-BF2713DF3DC1}.Debug|iPhone.Deploy.0 = Debug|Any CPU
		{CB534F58-AFD3-4049-9813-BF2713DF3DC1}.Debug|iPhoneSimulator.ActiveCfg = Debug|Any CPU
		{CB534F58-AFD3-4049-9813-BF2713DF3DC1}.Debug|iPhoneSimulator.Build.0 = Debug|Any CPU
		{CB534F58-AFD3-4049-9813-BF2713DF3DC1}.Debug|iPhoneSimulator.Deploy.0 = Debug|Any CPU
		{CB534F58-AFD3-4049-9813-BF2713DF3DC1}.Debug|x64.ActiveCfg = Debug|Any CPU
		{CB534F58-AFD3-4049-9813-BF2713DF3DC1}.Debug|x64.Build.0 = Debug|Any CPU
		{CB534F58-AFD3-4049-9813-BF2713DF3DC1}.Debug|x64.Deploy.0 = Debug|Any CPU
		{CB534F58-AFD3-4049-9813-BF2713DF3DC1}.Debug|x86.ActiveCfg = Debug|Any CPU
		{CB534F58-AFD3-4049-9813-BF2713DF3DC1}.Debug|x86.Build.0 = Debug|Any CPU
		{CB534F58-AFD3-4049-9813-BF2713DF3DC1}.Debug|x86.Deploy.0 = Debug|Any CPU
		{CB534F58-AFD3-4049-9813-BF2713DF3DC1}.Release|Any CPU.ActiveCfg = Release|Any CPU
		{CB534F58-AFD3-4049-9813-BF2713DF3DC1}.Release|Any CPU.Build.0 = Release|Any CPU
		{CB534F58-AFD3-4049-9813-BF2713DF3DC1}.Release|Any CPU.Deploy.0 = Release|Any CPU
		{CB534F58-AFD3-4049-9813-BF2713DF3DC1}.Release|ARM.ActiveCfg = Release|Any CPU
		{CB534F58-AFD3-4049-9813-BF2713DF3DC1}.Release|ARM.Build.0 = Release|Any CPU
		{CB534F58-AFD3-4049-9813-BF2713DF3DC1}.Release|ARM.Deploy.0 = Release|Any CPU
		{CB534F58-AFD3-4049-9813-BF2713DF3DC1}.Release|iPhone.ActiveCfg = Release|Any CPU
		{CB534F58-AFD3-4049-9813-BF2713DF3DC1}.Release|iPhone.Build.0 = Release|Any CPU
		{CB534F58-AFD3-4049-9813-BF2713DF3DC1}.Release|iPhone.Deploy.0 = Release|Any CPU
		{CB534F58-AFD3-4049-9813-BF2713DF3DC1}.Release|iPhoneSimulator.ActiveCfg = Release|Any CPU
		{CB534F58-AFD3-4049-9813-BF2713DF3DC1}.Release|iPhoneSimulator.Build.0 = Release|Any CPU
		{CB534F58-AFD3-4049-9813-BF2713DF3DC1}.Release|iPhoneSimulator.Deploy.0 = Release|Any CPU
		{CB534F58-AFD3-4049-9813-BF2713DF3DC1}.Release|x64.ActiveCfg = Release|Any CPU
		{CB534F58-AFD3-4049-9813-BF2713DF3DC1}.Release|x64.Build.0 = Release|Any CPU
		{CB534F58-AFD3-4049-9813-BF2713DF3DC1}.Release|x64.Deploy.0 = Release|Any CPU
		{CB534F58-AFD3-4049-9813-BF2713DF3DC1}.Release|x86.ActiveCfg = Release|Any CPU
		{CB534F58-AFD3-4049-9813-BF2713DF3DC1}.Release|x86.Build.0 = Release|Any CPU
		{CB534F58-AFD3-4049-9813-BF2713DF3DC1}.Release|x86.Deploy.0 = Release|Any CPU
		{4EDDB418-9892-4224-8998-7A11F4FCD13C}.Ad-Hoc|Any CPU.ActiveCfg = Ad-Hoc|iPhone
		{4EDDB418-9892-4224-8998-7A11F4FCD13C}.Ad-Hoc|ARM.ActiveCfg = Ad-Hoc|iPhone
		{4EDDB418-9892-4224-8998-7A11F4FCD13C}.Ad-Hoc|iPhone.ActiveCfg = Ad-Hoc|iPhone
		{4EDDB418-9892-4224-8998-7A11F4FCD13C}.Ad-Hoc|iPhone.Build.0 = Ad-Hoc|iPhone
		{4EDDB418-9892-4224-8998-7A11F4FCD13C}.Ad-Hoc|iPhoneSimulator.ActiveCfg = Ad-Hoc|iPhoneSimulator
		{4EDDB418-9892-4224-8998-7A11F4FCD13C}.Ad-Hoc|iPhoneSimulator.Build.0 = Ad-Hoc|iPhoneSimulator
		{4EDDB418-9892-4224-8998-7A11F4FCD13C}.Ad-Hoc|x64.ActiveCfg = Ad-Hoc|iPhone
		{4EDDB418-9892-4224-8998-7A11F4FCD13C}.Ad-Hoc|x86.ActiveCfg = Ad-Hoc|iPhone
		{4EDDB418-9892-4224-8998-7A11F4FCD13C}.AppStore|Any CPU.ActiveCfg = AppStore|iPhone
		{4EDDB418-9892-4224-8998-7A11F4FCD13C}.AppStore|ARM.ActiveCfg = AppStore|iPhone
		{4EDDB418-9892-4224-8998-7A11F4FCD13C}.AppStore|iPhone.ActiveCfg = AppStore|iPhone
		{4EDDB418-9892-4224-8998-7A11F4FCD13C}.AppStore|iPhone.Build.0 = AppStore|iPhone
		{4EDDB418-9892-4224-8998-7A11F4FCD13C}.AppStore|iPhoneSimulator.ActiveCfg = AppStore|iPhoneSimulator
		{4EDDB418-9892-4224-8998-7A11F4FCD13C}.AppStore|iPhoneSimulator.Build.0 = AppStore|iPhoneSimulator
		{4EDDB418-9892-4224-8998-7A11F4FCD13C}.AppStore|x64.ActiveCfg = AppStore|iPhone
		{4EDDB418-9892-4224-8998-7A11F4FCD13C}.AppStore|x86.ActiveCfg = AppStore|iPhone
		{4EDDB418-9892-4224-8998-7A11F4FCD13C}.Debug|Any CPU.ActiveCfg = Debug|iPhone
		{4EDDB418-9892-4224-8998-7A11F4FCD13C}.Debug|ARM.ActiveCfg = Debug|iPhone
		{4EDDB418-9892-4224-8998-7A11F4FCD13C}.Debug|iPhone.ActiveCfg = Debug|iPhone
		{4EDDB418-9892-4224-8998-7A11F4FCD13C}.Debug|iPhone.Build.0 = Debug|iPhone
		{4EDDB418-9892-4224-8998-7A11F4FCD13C}.Debug|iPhoneSimulator.ActiveCfg = Debug|iPhoneSimulator
		{4EDDB418-9892-4224-8998-7A11F4FCD13C}.Debug|iPhoneSimulator.Build.0 = Debug|iPhoneSimulator
		{4EDDB418-9892-4224-8998-7A11F4FCD13C}.Debug|x64.ActiveCfg = Debug|iPhone
		{4EDDB418-9892-4224-8998-7A11F4FCD13C}.Debug|x86.ActiveCfg = Debug|iPhone
		{4EDDB418-9892-4224-8998-7A11F4FCD13C}.Release|Any CPU.ActiveCfg = Release|iPhone
		{4EDDB418-9892-4224-8998-7A11F4FCD13C}.Release|ARM.ActiveCfg = Release|iPhone
		{4EDDB418-9892-4224-8998-7A11F4FCD13C}.Release|iPhone.ActiveCfg = Release|iPhone
		{4EDDB418-9892-4224-8998-7A11F4FCD13C}.Release|iPhone.Build.0 = Release|iPhone
		{4EDDB418-9892-4224-8998-7A11F4FCD13C}.Release|iPhoneSimulator.ActiveCfg = Release|iPhoneSimulator
		{4EDDB418-9892-4224-8998-7A11F4FCD13C}.Release|iPhoneSimulator.Build.0 = Release|iPhoneSimulator
		{4EDDB418-9892-4224-8998-7A11F4FCD13C}.Release|x64.ActiveCfg = Release|iPhone
		{4EDDB418-9892-4224-8998-7A11F4FCD13C}.Release|x86.ActiveCfg = Release|iPhone
		{0253A77D-1D16-4EDF-B62F-FCC94C9AA95E}.Ad-Hoc|Any CPU.ActiveCfg = Release|x86
		{0253A77D-1D16-4EDF-B62F-FCC94C9AA95E}.Ad-Hoc|Any CPU.Build.0 = Release|x86
		{0253A77D-1D16-4EDF-B62F-FCC94C9AA95E}.Ad-Hoc|Any CPU.Deploy.0 = Release|x86
		{0253A77D-1D16-4EDF-B62F-FCC94C9AA95E}.Ad-Hoc|ARM.ActiveCfg = Release|ARM
		{0253A77D-1D16-4EDF-B62F-FCC94C9AA95E}.Ad-Hoc|ARM.Build.0 = Release|ARM
		{0253A77D-1D16-4EDF-B62F-FCC94C9AA95E}.Ad-Hoc|ARM.Deploy.0 = Release|ARM
		{0253A77D-1D16-4EDF-B62F-FCC94C9AA95E}.Ad-Hoc|iPhone.ActiveCfg = Release|x86
		{0253A77D-1D16-4EDF-B62F-FCC94C9AA95E}.Ad-Hoc|iPhone.Build.0 = Release|x86
		{0253A77D-1D16-4EDF-B62F-FCC94C9AA95E}.Ad-Hoc|iPhone.Deploy.0 = Release|x86
		{0253A77D-1D16-4EDF-B62F-FCC94C9AA95E}.Ad-Hoc|iPhoneSimulator.ActiveCfg = Release|x86
		{0253A77D-1D16-4EDF-B62F-FCC94C9AA95E}.Ad-Hoc|iPhoneSimulator.Build.0 = Release|x86
		{0253A77D-1D16-4EDF-B62F-FCC94C9AA95E}.Ad-Hoc|iPhoneSimulator.Deploy.0 = Release|x86
		{0253A77D-1D16-4EDF-B62F-FCC94C9AA95E}.Ad-Hoc|x64.ActiveCfg = Release|x64
		{0253A77D-1D16-4EDF-B62F-FCC94C9AA95E}.Ad-Hoc|x64.Build.0 = Release|x64
		{0253A77D-1D16-4EDF-B62F-FCC94C9AA95E}.Ad-Hoc|x64.Deploy.0 = Release|x64
		{0253A77D-1D16-4EDF-B62F-FCC94C9AA95E}.Ad-Hoc|x86.ActiveCfg = Release|x86
		{0253A77D-1D16-4EDF-B62F-FCC94C9AA95E}.Ad-Hoc|x86.Build.0 = Release|x86
		{0253A77D-1D16-4EDF-B62F-FCC94C9AA95E}.Ad-Hoc|x86.Deploy.0 = Release|x86
		{0253A77D-1D16-4EDF-B62F-FCC94C9AA95E}.AppStore|Any CPU.ActiveCfg = Release|x86
		{0253A77D-1D16-4EDF-B62F-FCC94C9AA95E}.AppStore|Any CPU.Build.0 = Release|x86
		{0253A77D-1D16-4EDF-B62F-FCC94C9AA95E}.AppStore|Any CPU.Deploy.0 = Release|x86
		{0253A77D-1D16-4EDF-B62F-FCC94C9AA95E}.AppStore|ARM.ActiveCfg = Release|ARM
		{0253A77D-1D16-4EDF-B62F-FCC94C9AA95E}.AppStore|ARM.Build.0 = Release|ARM
		{0253A77D-1D16-4EDF-B62F-FCC94C9AA95E}.AppStore|ARM.Deploy.0 = Release|ARM
		{0253A77D-1D16-4EDF-B62F-FCC94C9AA95E}.AppStore|iPhone.ActiveCfg = Release|x86
		{0253A77D-1D16-4EDF-B62F-FCC94C9AA95E}.AppStore|iPhone.Build.0 = Release|x86
		{0253A77D-1D16-4EDF-B62F-FCC94C9AA95E}.AppStore|iPhone.Deploy.0 = Release|x86
		{0253A77D-1D16-4EDF-B62F-FCC94C9AA95E}.AppStore|iPhoneSimulator.ActiveCfg = Release|x86
		{0253A77D-1D16-4EDF-B62F-FCC94C9AA95E}.AppStore|iPhoneSimulator.Build.0 = Release|x86
		{0253A77D-1D16-4EDF-B62F-FCC94C9AA95E}.AppStore|iPhoneSimulator.Deploy.0 = Release|x86
		{0253A77D-1D16-4EDF-B62F-FCC94C9AA95E}.AppStore|x64.ActiveCfg = Release|x64
		{0253A77D-1D16-4EDF-B62F-FCC94C9AA95E}.AppStore|x64.Build.0 = Release|x64
		{0253A77D-1D16-4EDF-B62F-FCC94C9AA95E}.AppStore|x64.Deploy.0 = Release|x64
		{0253A77D-1D16-4EDF-B62F-FCC94C9AA95E}.AppStore|x86.ActiveCfg = Release|x86
		{0253A77D-1D16-4EDF-B62F-FCC94C9AA95E}.AppStore|x86.Build.0 = Release|x86
		{0253A77D-1D16-4EDF-B62F-FCC94C9AA95E}.AppStore|x86.Deploy.0 = Release|x86
		{0253A77D-1D16-4EDF-B62F-FCC94C9AA95E}.Debug|Any CPU.ActiveCfg = Debug|x86
		{0253A77D-1D16-4EDF-B62F-FCC94C9AA95E}.Debug|ARM.ActiveCfg = Debug|ARM
		{0253A77D-1D16-4EDF-B62F-FCC94C9AA95E}.Debug|ARM.Build.0 = Debug|ARM
		{0253A77D-1D16-4EDF-B62F-FCC94C9AA95E}.Debug|ARM.Deploy.0 = Debug|ARM
		{0253A77D-1D16-4EDF-B62F-FCC94C9AA95E}.Debug|iPhone.ActiveCfg = Debug|x86
		{0253A77D-1D16-4EDF-B62F-FCC94C9AA95E}.Debug|iPhoneSimulator.ActiveCfg = Debug|x86
		{0253A77D-1D16-4EDF-B62F-FCC94C9AA95E}.Debug|x64.ActiveCfg = Debug|x64
		{0253A77D-1D16-4EDF-B62F-FCC94C9AA95E}.Debug|x64.Build.0 = Debug|x64
		{0253A77D-1D16-4EDF-B62F-FCC94C9AA95E}.Debug|x64.Deploy.0 = Debug|x64
		{0253A77D-1D16-4EDF-B62F-FCC94C9AA95E}.Debug|x86.ActiveCfg = Debug|x86
		{0253A77D-1D16-4EDF-B62F-FCC94C9AA95E}.Debug|x86.Build.0 = Debug|x86
		{0253A77D-1D16-4EDF-B62F-FCC94C9AA95E}.Debug|x86.Deploy.0 = Debug|x86
		{0253A77D-1D16-4EDF-B62F-FCC94C9AA95E}.Release|Any CPU.ActiveCfg = Release|x86
		{0253A77D-1D16-4EDF-B62F-FCC94C9AA95E}.Release|ARM.ActiveCfg = Release|ARM
		{0253A77D-1D16-4EDF-B62F-FCC94C9AA95E}.Release|ARM.Build.0 = Release|ARM
		{0253A77D-1D16-4EDF-B62F-FCC94C9AA95E}.Release|ARM.Deploy.0 = Release|ARM
		{0253A77D-1D16-4EDF-B62F-FCC94C9AA95E}.Release|iPhone.ActiveCfg = Release|x86
		{0253A77D-1D16-4EDF-B62F-FCC94C9AA95E}.Release|iPhoneSimulator.ActiveCfg = Release|x86
		{0253A77D-1D16-4EDF-B62F-FCC94C9AA95E}.Release|x64.ActiveCfg = Release|x64
		{0253A77D-1D16-4EDF-B62F-FCC94C9AA95E}.Release|x64.Build.0 = Release|x64
		{0253A77D-1D16-4EDF-B62F-FCC94C9AA95E}.Release|x64.Deploy.0 = Release|x64
		{0253A77D-1D16-4EDF-B62F-FCC94C9AA95E}.Release|x86.ActiveCfg = Release|x86
		{0253A77D-1D16-4EDF-B62F-FCC94C9AA95E}.Release|x86.Build.0 = Release|x86
		{0253A77D-1D16-4EDF-B62F-FCC94C9AA95E}.Release|x86.Deploy.0 = Release|x86
		{F494013B-D58E-4564-AAB0-D822938BC610}.Ad-Hoc|Any CPU.ActiveCfg = Debug|Any CPU
		{F494013B-D58E-4564-AAB0-D822938BC610}.Ad-Hoc|Any CPU.Build.0 = Debug|Any CPU
		{F494013B-D58E-4564-AAB0-D822938BC610}.Ad-Hoc|ARM.ActiveCfg = Debug|Any CPU
		{F494013B-D58E-4564-AAB0-D822938BC610}.Ad-Hoc|ARM.Build.0 = Debug|Any CPU
		{F494013B-D58E-4564-AAB0-D822938BC610}.Ad-Hoc|iPhone.ActiveCfg = Debug|Any CPU
		{F494013B-D58E-4564-AAB0-D822938BC610}.Ad-Hoc|iPhone.Build.0 = Debug|Any CPU
		{F494013B-D58E-4564-AAB0-D822938BC610}.Ad-Hoc|iPhoneSimulator.ActiveCfg = Debug|Any CPU
		{F494013B-D58E-4564-AAB0-D822938BC610}.Ad-Hoc|iPhoneSimulator.Build.0 = Debug|Any CPU
		{F494013B-D58E-4564-AAB0-D822938BC610}.Ad-Hoc|x64.ActiveCfg = Debug|Any CPU
		{F494013B-D58E-4564-AAB0-D822938BC610}.Ad-Hoc|x64.Build.0 = Debug|Any CPU
		{F494013B-D58E-4564-AAB0-D822938BC610}.Ad-Hoc|x86.ActiveCfg = Debug|Any CPU
		{F494013B-D58E-4564-AAB0-D822938BC610}.Ad-Hoc|x86.Build.0 = Debug|Any CPU
		{F494013B-D58E-4564-AAB0-D822938BC610}.AppStore|Any CPU.ActiveCfg = Debug|Any CPU
		{F494013B-D58E-4564-AAB0-D822938BC610}.AppStore|Any CPU.Build.0 = Debug|Any CPU
		{F494013B-D58E-4564-AAB0-D822938BC610}.AppStore|ARM.ActiveCfg = Debug|Any CPU
		{F494013B-D58E-4564-AAB0-D822938BC610}.AppStore|ARM.Build.0 = Debug|Any CPU
		{F494013B-D58E-4564-AAB0-D822938BC610}.AppStore|iPhone.ActiveCfg = Debug|Any CPU
		{F494013B-D58E-4564-AAB0-D822938BC610}.AppStore|iPhone.Build.0 = Debug|Any CPU
		{F494013B-D58E-4564-AAB0-D822938BC610}.AppStore|iPhoneSimulator.ActiveCfg = Debug|Any CPU
		{F494013B-D58E-4564-AAB0-D822938BC610}.AppStore|iPhoneSimulator.Build.0 = Debug|Any CPU
		{F494013B-D58E-4564-AAB0-D822938BC610}.AppStore|x64.ActiveCfg = Debug|Any CPU
		{F494013B-D58E-4564-AAB0-D822938BC610}.AppStore|x64.Build.0 = Debug|Any CPU
		{F494013B-D58E-4564-AAB0-D822938BC610}.AppStore|x86.ActiveCfg = Debug|Any CPU
		{F494013B-D58E-4564-AAB0-D822938BC610}.AppStore|x86.Build.0 = Debug|Any CPU
		{F494013B-D58E-4564-AAB0-D822938BC610}.Debug|Any CPU.ActiveCfg = Debug|Any CPU
		{F494013B-D58E-4564-AAB0-D822938BC610}.Debug|Any CPU.Build.0 = Debug|Any CPU
		{F494013B-D58E-4564-AAB0-D822938BC610}.Debug|ARM.ActiveCfg = Debug|Any CPU
		{F494013B-D58E-4564-AAB0-D822938BC610}.Debug|ARM.Build.0 = Debug|Any CPU
		{F494013B-D58E-4564-AAB0-D822938BC610}.Debug|iPhone.ActiveCfg = Debug|Any CPU
		{F494013B-D58E-4564-AAB0-D822938BC610}.Debug|iPhone.Build.0 = Debug|Any CPU
		{F494013B-D58E-4564-AAB0-D822938BC610}.Debug|iPhoneSimulator.ActiveCfg = Debug|Any CPU
		{F494013B-D58E-4564-AAB0-D822938BC610}.Debug|iPhoneSimulator.Build.0 = Debug|Any CPU
		{F494013B-D58E-4564-AAB0-D822938BC610}.Debug|x64.ActiveCfg = Debug|Any CPU
		{F494013B-D58E-4564-AAB0-D822938BC610}.Debug|x64.Build.0 = Debug|Any CPU
		{F494013B-D58E-4564-AAB0-D822938BC610}.Debug|x86.ActiveCfg = Debug|Any CPU
		{F494013B-D58E-4564-AAB0-D822938BC610}.Debug|x86.Build.0 = Debug|Any CPU
		{F494013B-D58E-4564-AAB0-D822938BC610}.Release|Any CPU.ActiveCfg = Release|Any CPU
		{F494013B-D58E-4564-AAB0-D822938BC610}.Release|Any CPU.Build.0 = Release|Any CPU
		{F494013B-D58E-4564-AAB0-D822938BC610}.Release|ARM.ActiveCfg = Release|Any CPU
		{F494013B-D58E-4564-AAB0-D822938BC610}.Release|ARM.Build.0 = Release|Any CPU
		{F494013B-D58E-4564-AAB0-D822938BC610}.Release|iPhone.ActiveCfg = Release|Any CPU
		{F494013B-D58E-4564-AAB0-D822938BC610}.Release|iPhone.Build.0 = Release|Any CPU
		{F494013B-D58E-4564-AAB0-D822938BC610}.Release|iPhoneSimulator.ActiveCfg = Release|Any CPU
		{F494013B-D58E-4564-AAB0-D822938BC610}.Release|iPhoneSimulator.Build.0 = Release|Any CPU
		{F494013B-D58E-4564-AAB0-D822938BC610}.Release|x64.ActiveCfg = Release|Any CPU
		{F494013B-D58E-4564-AAB0-D822938BC610}.Release|x64.Build.0 = Release|Any CPU
		{F494013B-D58E-4564-AAB0-D822938BC610}.Release|x86.ActiveCfg = Release|Any CPU
		{F494013B-D58E-4564-AAB0-D822938BC610}.Release|x86.Build.0 = Release|Any CPU
		{F479F7DB-CFA6-49E5-AA41-4FE6A4DA39B0}.Ad-Hoc|Any CPU.ActiveCfg = Release|Any CPU
		{F479F7DB-CFA6-49E5-AA41-4FE6A4DA39B0}.Ad-Hoc|Any CPU.Build.0 = Release|Any CPU
		{F479F7DB-CFA6-49E5-AA41-4FE6A4DA39B0}.Ad-Hoc|ARM.ActiveCfg = Release|Any CPU
		{F479F7DB-CFA6-49E5-AA41-4FE6A4DA39B0}.Ad-Hoc|ARM.Build.0 = Release|Any CPU
		{F479F7DB-CFA6-49E5-AA41-4FE6A4DA39B0}.Ad-Hoc|iPhone.ActiveCfg = Release|Any CPU
		{F479F7DB-CFA6-49E5-AA41-4FE6A4DA39B0}.Ad-Hoc|iPhone.Build.0 = Release|Any CPU
		{F479F7DB-CFA6-49E5-AA41-4FE6A4DA39B0}.Ad-Hoc|iPhoneSimulator.ActiveCfg = Release|Any CPU
		{F479F7DB-CFA6-49E5-AA41-4FE6A4DA39B0}.Ad-Hoc|iPhoneSimulator.Build.0 = Release|Any CPU
		{F479F7DB-CFA6-49E5-AA41-4FE6A4DA39B0}.Ad-Hoc|x64.ActiveCfg = Release|Any CPU
		{F479F7DB-CFA6-49E5-AA41-4FE6A4DA39B0}.Ad-Hoc|x64.Build.0 = Release|Any CPU
		{F479F7DB-CFA6-49E5-AA41-4FE6A4DA39B0}.Ad-Hoc|x86.ActiveCfg = Release|Any CPU
		{F479F7DB-CFA6-49E5-AA41-4FE6A4DA39B0}.Ad-Hoc|x86.Build.0 = Release|Any CPU
		{F479F7DB-CFA6-49E5-AA41-4FE6A4DA39B0}.AppStore|Any CPU.ActiveCfg = Release|Any CPU
		{F479F7DB-CFA6-49E5-AA41-4FE6A4DA39B0}.AppStore|Any CPU.Build.0 = Release|Any CPU
		{F479F7DB-CFA6-49E5-AA41-4FE6A4DA39B0}.AppStore|ARM.ActiveCfg = Release|Any CPU
		{F479F7DB-CFA6-49E5-AA41-4FE6A4DA39B0}.AppStore|ARM.Build.0 = Release|Any CPU
		{F479F7DB-CFA6-49E5-AA41-4FE6A4DA39B0}.AppStore|iPhone.ActiveCfg = Release|Any CPU
		{F479F7DB-CFA6-49E5-AA41-4FE6A4DA39B0}.AppStore|iPhone.Build.0 = Release|Any CPU
		{F479F7DB-CFA6-49E5-AA41-4FE6A4DA39B0}.AppStore|iPhoneSimulator.ActiveCfg = Release|Any CPU
		{F479F7DB-CFA6-49E5-AA41-4FE6A4DA39B0}.AppStore|iPhoneSimulator.Build.0 = Release|Any CPU
		{F479F7DB-CFA6-49E5-AA41-4FE6A4DA39B0}.AppStore|x64.ActiveCfg = Release|Any CPU
		{F479F7DB-CFA6-49E5-AA41-4FE6A4DA39B0}.AppStore|x64.Build.0 = Release|Any CPU
		{F479F7DB-CFA6-49E5-AA41-4FE6A4DA39B0}.AppStore|x86.ActiveCfg = Release|Any CPU
		{F479F7DB-CFA6-49E5-AA41-4FE6A4DA39B0}.AppStore|x86.Build.0 = Release|Any CPU
		{F479F7DB-CFA6-49E5-AA41-4FE6A4DA39B0}.Debug|Any CPU.ActiveCfg = Debug|Any CPU
		{F479F7DB-CFA6-49E5-AA41-4FE6A4DA39B0}.Debug|Any CPU.Build.0 = Debug|Any CPU
		{F479F7DB-CFA6-49E5-AA41-4FE6A4DA39B0}.Debug|ARM.ActiveCfg = Debug|Any CPU
		{F479F7DB-CFA6-49E5-AA41-4FE6A4DA39B0}.Debug|ARM.Build.0 = Debug|Any CPU
		{F479F7DB-CFA6-49E5-AA41-4FE6A4DA39B0}.Debug|iPhone.ActiveCfg = Debug|Any CPU
		{F479F7DB-CFA6-49E5-AA41-4FE6A4DA39B0}.Debug|iPhone.Build.0 = Debug|Any CPU
		{F479F7DB-CFA6-49E5-AA41-4FE6A4DA39B0}.Debug|iPhoneSimulator.ActiveCfg = Debug|Any CPU
		{F479F7DB-CFA6-49E5-AA41-4FE6A4DA39B0}.Debug|iPhoneSimulator.Build.0 = Debug|Any CPU
		{F479F7DB-CFA6-49E5-AA41-4FE6A4DA39B0}.Debug|x64.ActiveCfg = Debug|Any CPU
		{F479F7DB-CFA6-49E5-AA41-4FE6A4DA39B0}.Debug|x64.Build.0 = Debug|Any CPU
		{F479F7DB-CFA6-49E5-AA41-4FE6A4DA39B0}.Debug|x86.ActiveCfg = Debug|Any CPU
		{F479F7DB-CFA6-49E5-AA41-4FE6A4DA39B0}.Debug|x86.Build.0 = Debug|Any CPU
		{F479F7DB-CFA6-49E5-AA41-4FE6A4DA39B0}.Release|Any CPU.ActiveCfg = Release|Any CPU
		{F479F7DB-CFA6-49E5-AA41-4FE6A4DA39B0}.Release|Any CPU.Build.0 = Release|Any CPU
		{F479F7DB-CFA6-49E5-AA41-4FE6A4DA39B0}.Release|ARM.ActiveCfg = Release|Any CPU
		{F479F7DB-CFA6-49E5-AA41-4FE6A4DA39B0}.Release|ARM.Build.0 = Release|Any CPU
		{F479F7DB-CFA6-49E5-AA41-4FE6A4DA39B0}.Release|iPhone.ActiveCfg = Release|Any CPU
		{F479F7DB-CFA6-49E5-AA41-4FE6A4DA39B0}.Release|iPhone.Build.0 = Release|Any CPU
		{F479F7DB-CFA6-49E5-AA41-4FE6A4DA39B0}.Release|iPhoneSimulator.ActiveCfg = Release|Any CPU
		{F479F7DB-CFA6-49E5-AA41-4FE6A4DA39B0}.Release|iPhoneSimulator.Build.0 = Release|Any CPU
		{F479F7DB-CFA6-49E5-AA41-4FE6A4DA39B0}.Release|x64.ActiveCfg = Release|Any CPU
		{F479F7DB-CFA6-49E5-AA41-4FE6A4DA39B0}.Release|x64.Build.0 = Release|Any CPU
		{F479F7DB-CFA6-49E5-AA41-4FE6A4DA39B0}.Release|x86.ActiveCfg = Release|Any CPU
		{F479F7DB-CFA6-49E5-AA41-4FE6A4DA39B0}.Release|x86.Build.0 = Release|Any CPU
		{951ED11D-D026-449C-90DC-5027BC41FB3B}.Ad-Hoc|Any CPU.ActiveCfg = Release|Any CPU
		{951ED11D-D026-449C-90DC-5027BC41FB3B}.Ad-Hoc|Any CPU.Build.0 = Release|Any CPU
		{951ED11D-D026-449C-90DC-5027BC41FB3B}.Ad-Hoc|ARM.ActiveCfg = Release|Any CPU
		{951ED11D-D026-449C-90DC-5027BC41FB3B}.Ad-Hoc|ARM.Build.0 = Release|Any CPU
		{951ED11D-D026-449C-90DC-5027BC41FB3B}.Ad-Hoc|iPhone.ActiveCfg = Release|Any CPU
		{951ED11D-D026-449C-90DC-5027BC41FB3B}.Ad-Hoc|iPhone.Build.0 = Release|Any CPU
		{951ED11D-D026-449C-90DC-5027BC41FB3B}.Ad-Hoc|iPhoneSimulator.ActiveCfg = Release|Any CPU
		{951ED11D-D026-449C-90DC-5027BC41FB3B}.Ad-Hoc|iPhoneSimulator.Build.0 = Release|Any CPU
		{951ED11D-D026-449C-90DC-5027BC41FB3B}.Ad-Hoc|x64.ActiveCfg = Release|Any CPU
		{951ED11D-D026-449C-90DC-5027BC41FB3B}.Ad-Hoc|x64.Build.0 = Release|Any CPU
		{951ED11D-D026-449C-90DC-5027BC41FB3B}.Ad-Hoc|x86.ActiveCfg = Release|Any CPU
		{951ED11D-D026-449C-90DC-5027BC41FB3B}.Ad-Hoc|x86.Build.0 = Release|Any CPU
		{951ED11D-D026-449C-90DC-5027BC41FB3B}.AppStore|Any CPU.ActiveCfg = Release|Any CPU
		{951ED11D-D026-449C-90DC-5027BC41FB3B}.AppStore|Any CPU.Build.0 = Release|Any CPU
		{951ED11D-D026-449C-90DC-5027BC41FB3B}.AppStore|ARM.ActiveCfg = Release|Any CPU
		{951ED11D-D026-449C-90DC-5027BC41FB3B}.AppStore|ARM.Build.0 = Release|Any CPU
		{951ED11D-D026-449C-90DC-5027BC41FB3B}.AppStore|iPhone.ActiveCfg = Release|Any CPU
		{951ED11D-D026-449C-90DC-5027BC41FB3B}.AppStore|iPhone.Build.0 = Release|Any CPU
		{951ED11D-D026-449C-90DC-5027BC41FB3B}.AppStore|iPhoneSimulator.ActiveCfg = Release|Any CPU
		{951ED11D-D026-449C-90DC-5027BC41FB3B}.AppStore|iPhoneSimulator.Build.0 = Release|Any CPU
		{951ED11D-D026-449C-90DC-5027BC41FB3B}.AppStore|x64.ActiveCfg = Release|Any CPU
		{951ED11D-D026-449C-90DC-5027BC41FB3B}.AppStore|x64.Build.0 = Release|Any CPU
		{951ED11D-D026-449C-90DC-5027BC41FB3B}.AppStore|x86.ActiveCfg = Release|Any CPU
		{951ED11D-D026-449C-90DC-5027BC41FB3B}.AppStore|x86.Build.0 = Release|Any CPU
		{951ED11D-D026-449C-90DC-5027BC41FB3B}.Debug|Any CPU.ActiveCfg = Debug|Any CPU
		{951ED11D-D026-449C-90DC-5027BC41FB3B}.Debug|Any CPU.Build.0 = Debug|Any CPU
		{951ED11D-D026-449C-90DC-5027BC41FB3B}.Debug|ARM.ActiveCfg = Debug|Any CPU
		{951ED11D-D026-449C-90DC-5027BC41FB3B}.Debug|ARM.Build.0 = Debug|Any CPU
		{951ED11D-D026-449C-90DC-5027BC41FB3B}.Debug|iPhone.ActiveCfg = Debug|Any CPU
		{951ED11D-D026-449C-90DC-5027BC41FB3B}.Debug|iPhone.Build.0 = Debug|Any CPU
		{951ED11D-D026-449C-90DC-5027BC41FB3B}.Debug|iPhoneSimulator.ActiveCfg = Debug|Any CPU
		{951ED11D-D026-449C-90DC-5027BC41FB3B}.Debug|iPhoneSimulator.Build.0 = Debug|Any CPU
		{951ED11D-D026-449C-90DC-5027BC41FB3B}.Debug|x64.ActiveCfg = Debug|Any CPU
		{951ED11D-D026-449C-90DC-5027BC41FB3B}.Debug|x64.Build.0 = Debug|Any CPU
		{951ED11D-D026-449C-90DC-5027BC41FB3B}.Debug|x86.ActiveCfg = Debug|Any CPU
		{951ED11D-D026-449C-90DC-5027BC41FB3B}.Debug|x86.Build.0 = Debug|Any CPU
		{951ED11D-D026-449C-90DC-5027BC41FB3B}.Release|Any CPU.ActiveCfg = Release|Any CPU
		{951ED11D-D026-449C-90DC-5027BC41FB3B}.Release|Any CPU.Build.0 = Release|Any CPU
		{951ED11D-D026-449C-90DC-5027BC41FB3B}.Release|ARM.ActiveCfg = Release|Any CPU
		{951ED11D-D026-449C-90DC-5027BC41FB3B}.Release|ARM.Build.0 = Release|Any CPU
		{951ED11D-D026-449C-90DC-5027BC41FB3B}.Release|iPhone.ActiveCfg = Release|Any CPU
		{951ED11D-D026-449C-90DC-5027BC41FB3B}.Release|iPhone.Build.0 = Release|Any CPU
		{951ED11D-D026-449C-90DC-5027BC41FB3B}.Release|iPhoneSimulator.ActiveCfg = Release|Any CPU
		{951ED11D-D026-449C-90DC-5027BC41FB3B}.Release|iPhoneSimulator.Build.0 = Release|Any CPU
		{951ED11D-D026-449C-90DC-5027BC41FB3B}.Release|x64.ActiveCfg = Release|Any CPU
		{951ED11D-D026-449C-90DC-5027BC41FB3B}.Release|x64.Build.0 = Release|Any CPU
		{951ED11D-D026-449C-90DC-5027BC41FB3B}.Release|x86.ActiveCfg = Release|Any CPU
		{951ED11D-D026-449C-90DC-5027BC41FB3B}.Release|x86.Build.0 = Release|Any CPU
		{CCD85512-A2D7-4076-B31D-7A24829058AF}.Ad-Hoc|Any CPU.ActiveCfg = Release|Any CPU
		{CCD85512-A2D7-4076-B31D-7A24829058AF}.Ad-Hoc|Any CPU.Build.0 = Release|Any CPU
		{CCD85512-A2D7-4076-B31D-7A24829058AF}.Ad-Hoc|ARM.ActiveCfg = Release|ARM
		{CCD85512-A2D7-4076-B31D-7A24829058AF}.Ad-Hoc|ARM.Build.0 = Release|ARM
		{CCD85512-A2D7-4076-B31D-7A24829058AF}.Ad-Hoc|iPhone.ActiveCfg = Release|Any CPU
		{CCD85512-A2D7-4076-B31D-7A24829058AF}.Ad-Hoc|iPhone.Build.0 = Release|Any CPU
		{CCD85512-A2D7-4076-B31D-7A24829058AF}.Ad-Hoc|iPhoneSimulator.ActiveCfg = Release|Any CPU
		{CCD85512-A2D7-4076-B31D-7A24829058AF}.Ad-Hoc|iPhoneSimulator.Build.0 = Release|Any CPU
		{CCD85512-A2D7-4076-B31D-7A24829058AF}.Ad-Hoc|x64.ActiveCfg = Release|x64
		{CCD85512-A2D7-4076-B31D-7A24829058AF}.Ad-Hoc|x64.Build.0 = Release|x64
		{CCD85512-A2D7-4076-B31D-7A24829058AF}.Ad-Hoc|x86.ActiveCfg = Release|x86
		{CCD85512-A2D7-4076-B31D-7A24829058AF}.Ad-Hoc|x86.Build.0 = Release|x86
		{CCD85512-A2D7-4076-B31D-7A24829058AF}.AppStore|Any CPU.ActiveCfg = Release|Any CPU
		{CCD85512-A2D7-4076-B31D-7A24829058AF}.AppStore|Any CPU.Build.0 = Release|Any CPU
		{CCD85512-A2D7-4076-B31D-7A24829058AF}.AppStore|ARM.ActiveCfg = Release|ARM
		{CCD85512-A2D7-4076-B31D-7A24829058AF}.AppStore|ARM.Build.0 = Release|ARM
		{CCD85512-A2D7-4076-B31D-7A24829058AF}.AppStore|iPhone.ActiveCfg = Release|Any CPU
		{CCD85512-A2D7-4076-B31D-7A24829058AF}.AppStore|iPhone.Build.0 = Release|Any CPU
		{CCD85512-A2D7-4076-B31D-7A24829058AF}.AppStore|iPhoneSimulator.ActiveCfg = Release|Any CPU
		{CCD85512-A2D7-4076-B31D-7A24829058AF}.AppStore|iPhoneSimulator.Build.0 = Release|Any CPU
		{CCD85512-A2D7-4076-B31D-7A24829058AF}.AppStore|x64.ActiveCfg = Release|x64
		{CCD85512-A2D7-4076-B31D-7A24829058AF}.AppStore|x64.Build.0 = Release|x64
		{CCD85512-A2D7-4076-B31D-7A24829058AF}.AppStore|x86.ActiveCfg = Release|x86
		{CCD85512-A2D7-4076-B31D-7A24829058AF}.AppStore|x86.Build.0 = Release|x86
		{CCD85512-A2D7-4076-B31D-7A24829058AF}.Debug|Any CPU.ActiveCfg = Debug|Any CPU
		{CCD85512-A2D7-4076-B31D-7A24829058AF}.Debug|Any CPU.Build.0 = Debug|Any CPU
		{CCD85512-A2D7-4076-B31D-7A24829058AF}.Debug|ARM.ActiveCfg = Debug|ARM
		{CCD85512-A2D7-4076-B31D-7A24829058AF}.Debug|ARM.Build.0 = Debug|ARM
		{CCD85512-A2D7-4076-B31D-7A24829058AF}.Debug|iPhone.ActiveCfg = Debug|Any CPU
		{CCD85512-A2D7-4076-B31D-7A24829058AF}.Debug|iPhone.Build.0 = Debug|Any CPU
		{CCD85512-A2D7-4076-B31D-7A24829058AF}.Debug|iPhoneSimulator.ActiveCfg = Debug|Any CPU
		{CCD85512-A2D7-4076-B31D-7A24829058AF}.Debug|iPhoneSimulator.Build.0 = Debug|Any CPU
		{CCD85512-A2D7-4076-B31D-7A24829058AF}.Debug|x64.ActiveCfg = Debug|x64
		{CCD85512-A2D7-4076-B31D-7A24829058AF}.Debug|x64.Build.0 = Debug|x64
		{CCD85512-A2D7-4076-B31D-7A24829058AF}.Debug|x86.ActiveCfg = Debug|x86
		{CCD85512-A2D7-4076-B31D-7A24829058AF}.Debug|x86.Build.0 = Debug|x86
		{CCD85512-A2D7-4076-B31D-7A24829058AF}.Release|Any CPU.ActiveCfg = Release|Any CPU
		{CCD85512-A2D7-4076-B31D-7A24829058AF}.Release|Any CPU.Build.0 = Release|Any CPU
		{CCD85512-A2D7-4076-B31D-7A24829058AF}.Release|ARM.ActiveCfg = Release|ARM
		{CCD85512-A2D7-4076-B31D-7A24829058AF}.Release|ARM.Build.0 = Release|ARM
		{CCD85512-A2D7-4076-B31D-7A24829058AF}.Release|iPhone.ActiveCfg = Release|Any CPU
		{CCD85512-A2D7-4076-B31D-7A24829058AF}.Release|iPhone.Build.0 = Release|Any CPU
		{CCD85512-A2D7-4076-B31D-7A24829058AF}.Release|iPhoneSimulator.ActiveCfg = Release|Any CPU
		{CCD85512-A2D7-4076-B31D-7A24829058AF}.Release|iPhoneSimulator.Build.0 = Release|Any CPU
		{CCD85512-A2D7-4076-B31D-7A24829058AF}.Release|x64.ActiveCfg = Release|x64
		{CCD85512-A2D7-4076-B31D-7A24829058AF}.Release|x64.Build.0 = Release|x64
		{CCD85512-A2D7-4076-B31D-7A24829058AF}.Release|x86.ActiveCfg = Release|x86
		{CCD85512-A2D7-4076-B31D-7A24829058AF}.Release|x86.Build.0 = Release|x86
	EndGlobalSection
	GlobalSection(SolutionProperties) = preSolution
		HideSolutionNode = FALSE
	EndGlobalSection
	GlobalSection(NestedProjects) = preSolution
		{F479F7DB-CFA6-49E5-AA41-4FE6A4DA39B0} = {157C41AE-4F8A-41C6-AD36-313E6F38EAC4}
		{951ED11D-D026-449C-90DC-5027BC41FB3B} = {157C41AE-4F8A-41C6-AD36-313E6F38EAC4}
		{CCD85512-A2D7-4076-B31D-7A24829058AF} = {157C41AE-4F8A-41C6-AD36-313E6F38EAC4}
	EndGlobalSection
	GlobalSection(ExtensibilityGlobals) = postSolution
		SolutionGuid = {B9750A17-857E-439E-A2FC-BECAE977E2F1}
	EndGlobalSection
EndGlobal
