
Microsoft Visual Studio Solution File, Format Version 12.00
# Visual Studio 15
VisualStudioVersion = 15.0.27703.2026
MinimumVisualStudioVersion = 10.0.40219.1
Project("{FAE04EC0-301F-11D3-BF4B-00C04F79EFBC}") = "KeyboardMenu.Android", "KeyboardMenu.Android\KeyboardMenu.Android.csproj", "{9AF573B6-D788-4ED1-9B89-2102B0A29220}"
EndProject
Project("{FAE04EC0-301F-11D3-BF4B-00C04F79EFBC}") = "KeyboardMenu.iOS", "KeyboardMenu.iOS\KeyboardMenu.iOS.csproj", "{08E18AB9-5B99-49C1-A1D3-4F03CBCEA5CE}"
EndProject
Project("{FAE04EC0-301F-11D3-BF4B-00C04F79EFBC}") = "KeyboardMenu.UWP", "KeyboardMenu.UWP\KeyboardMenu.UWP.csproj", "{5FB2A9B6-FC2E-4EF7-87FA-F3D7338F2928}"
EndProject
Project("{FAE04EC0-301F-11D3-BF4B-00C04F79EFBC}") = "KeyboardMenu", "KeyboardMenu\KeyboardMenu.csproj", "{C3B346C5-D49F-42DE-B2FA-037660F8086D}"
EndProject
Global
	GlobalSection(SolutionConfigurationPlatforms) = preSolution
		Ad-Hoc|Any CPU = Ad-Hoc|Any CPU
		Ad-Hoc|ARM = Ad-Hoc|ARM
		Ad-Hoc|iPhone = Ad-Hoc|iPhone
		Ad-Hoc|iPhoneSimulator = Ad-Hoc|iPhoneSimulator
		Ad-Hoc|x64 = Ad-Hoc|x64
		Ad-Hoc|x86 = Ad-Hoc|x86
		AppStore|Any CPU = AppStore|Any CPU
		AppStore|ARM = AppStore|ARM
		AppStore|iPhone = AppStore|iPhone
		AppStore|iPhoneSimulator = AppStore|iPhoneSimulator
		AppStore|x64 = AppStore|x64
		AppStore|x86 = AppStore|x86
		Debug|Any CPU = Debug|Any CPU
		Debug|ARM = Debug|ARM
		Debug|iPhone = Debug|iPhone
		Debug|iPhoneSimulator = Debug|iPhoneSimulator
		Debug|x64 = Debug|x64
		Debug|x86 = Debug|x86
		Release|Any CPU = Release|Any CPU
		Release|ARM = Release|ARM
		Release|iPhone = Release|iPhone
		Release|iPhoneSimulator = Release|iPhoneSimulator
		Release|x64 = Release|x64
		Release|x86 = Release|x86
	EndGlobalSection
	GlobalSection(ProjectConfigurationPlatforms) = postSolution
		{9AF573B6-D788-4ED1-9B89-2102B0A29220}.Ad-Hoc|Any CPU.ActiveCfg = Release|Any CPU
		{9AF573B6-D788-4ED1-9B89-2102B0A29220}.Ad-Hoc|Any CPU.Build.0 = Release|Any CPU
		{9AF573B6-D788-4ED1-9B89-2102B0A29220}.Ad-Hoc|Any CPU.Deploy.0 = Release|Any CPU
		{9AF573B6-D788-4ED1-9B89-2102B0A29220}.Ad-Hoc|ARM.ActiveCfg = Release|Any CPU
		{9AF573B6-D788-4ED1-9B89-2102B0A29220}.Ad-Hoc|ARM.Build.0 = Release|Any CPU
		{9AF573B6-D788-4ED1-9B89-2102B0A29220}.Ad-Hoc|ARM.Deploy.0 = Release|Any CPU
		{9AF573B6-D788-4ED1-9B89-2102B0A29220}.Ad-Hoc|iPhone.ActiveCfg = Release|Any CPU
		{9AF573B6-D788-4ED1-9B89-2102B0A29220}.Ad-Hoc|iPhone.Build.0 = Release|Any CPU
		{9AF573B6-D788-4ED1-9B89-2102B0A29220}.Ad-Hoc|iPhone.Deploy.0 = Release|Any CPU
		{9AF573B6-D788-4ED1-9B89-2102B0A29220}.Ad-Hoc|iPhoneSimulator.ActiveCfg = Release|Any CPU
		{9AF573B6-D788-4ED1-9B89-2102B0A29220}.Ad-Hoc|iPhoneSimulator.Build.0 = Release|Any CPU
		{9AF573B6-D788-4ED1-9B89-2102B0A29220}.Ad-Hoc|iPhoneSimulator.Deploy.0 = Release|Any CPU
		{9AF573B6-D788-4ED1-9B89-2102B0A29220}.Ad-Hoc|x64.ActiveCfg = Release|Any CPU
		{9AF573B6-D788-4ED1-9B89-2102B0A29220}.Ad-Hoc|x64.Build.0 = Release|Any CPU
		{9AF573B6-D788-4ED1-9B89-2102B0A29220}.Ad-Hoc|x64.Deploy.0 = Release|Any CPU
		{9AF573B6-D788-4ED1-9B89-2102B0A29220}.Ad-Hoc|x86.ActiveCfg = Release|Any CPU
		{9AF573B6-D788-4ED1-9B89-2102B0A29220}.Ad-Hoc|x86.Build.0 = Release|Any CPU
		{9AF573B6-D788-4ED1-9B89-2102B0A29220}.Ad-Hoc|x86.Deploy.0 = Release|Any CPU
		{9AF573B6-D788-4ED1-9B89-2102B0A29220}.AppStore|Any CPU.ActiveCfg = Release|Any CPU
		{9AF573B6-D788-4ED1-9B89-2102B0A29220}.AppStore|Any CPU.Build.0 = Release|Any CPU
		{9AF573B6-D788-4ED1-9B89-2102B0A29220}.AppStore|Any CPU.Deploy.0 = Release|Any CPU
		{9AF573B6-D788-4ED1-9B89-2102B0A29220}.AppStore|ARM.ActiveCfg = Release|Any CPU
		{9AF573B6-D788-4ED1-9B89-2102B0A29220}.AppStore|ARM.Build.0 = Release|Any CPU
		{9AF573B6-D788-4ED1-9B89-2102B0A29220}.AppStore|ARM.Deploy.0 = Release|Any CPU
		{9AF573B6-D788-4ED1-9B89-2102B0A29220}.AppStore|iPhone.ActiveCfg = Release|Any CPU
		{9AF573B6-D788-4ED1-9B89-2102B0A29220}.AppStore|iPhone.Build.0 = Release|Any CPU
		{9AF573B6-D788-4ED1-9B89-2102B0A29220}.AppStore|iPhone.Deploy.0 = Release|Any CPU
		{9AF573B6-D788-4ED1-9B89-2102B0A29220}.AppStore|iPhoneSimulator.ActiveCfg = Release|Any CPU
		{9AF573B6-D788-4ED1-9B89-2102B0A29220}.AppStore|iPhoneSimulator.Build.0 = Release|Any CPU
		{9AF573B6-D788-4ED1-9B89-2102B0A29220}.AppStore|iPhoneSimulator.Deploy.0 = Release|Any CPU
		{9AF573B6-D788-4ED1-9B89-2102B0A29220}.AppStore|x64.ActiveCfg = Release|Any CPU
		{9AF573B6-D788-4ED1-9B89-2102B0A29220}.AppStore|x64.Build.0 = Release|Any CPU
		{9AF573B6-D788-4ED1-9B89-2102B0A29220}.AppStore|x64.Deploy.0 = Release|Any CPU
		{9AF573B6-D788-4ED1-9B89-2102B0A29220}.AppStore|x86.ActiveCfg = Release|Any CPU
		{9AF573B6-D788-4ED1-9B89-2102B0A29220}.AppStore|x86.Build.0 = Release|Any CPU
		{9AF573B6-D788-4ED1-9B89-2102B0A29220}.AppStore|x86.Deploy.0 = Release|Any CPU
		{9AF573B6-D788-4ED1-9B89-2102B0A29220}.Debug|Any CPU.ActiveCfg = Debug|Any CPU
		{9AF573B6-D788-4ED1-9B89-2102B0A29220}.Debug|Any CPU.Build.0 = Debug|Any CPU
		{9AF573B6-D788-4ED1-9B89-2102B0A29220}.Debug|Any CPU.Deploy.0 = Debug|Any CPU
		{9AF573B6-D788-4ED1-9B89-2102B0A29220}.Debug|ARM.ActiveCfg = Debug|Any CPU
		{9AF573B6-D788-4ED1-9B89-2102B0A29220}.Debug|ARM.Build.0 = Debug|Any CPU
		{9AF573B6-D788-4ED1-9B89-2102B0A29220}.Debug|ARM.Deploy.0 = Debug|Any CPU
		{9AF573B6-D788-4ED1-9B89-2102B0A29220}.Debug|iPhone.ActiveCfg = Debug|Any CPU
		{9AF573B6-D788-4ED1-9B89-2102B0A29220}.Debug|iPhone.Build.0 = Debug|Any CPU
		{9AF573B6-D788-4ED1-9B89-2102B0A29220}.Debug|iPhone.Deploy.0 = Debug|Any CPU
		{9AF573B6-D788-4ED1-9B89-2102B0A29220}.Debug|iPhoneSimulator.ActiveCfg = Debug|Any CPU
		{9AF573B6-D788-4ED1-9B89-2102B0A29220}.Debug|iPhoneSimulator.Build.0 = Debug|Any CPU
		{9AF573B6-D788-4ED1-9B89-2102B0A29220}.Debug|iPhoneSimulator.Deploy.0 = Debug|Any CPU
		{9AF573B6-D788-4ED1-9B89-2102B0A29220}.Debug|x64.ActiveCfg = Debug|Any CPU
		{9AF573B6-D788-4ED1-9B89-2102B0A29220}.Debug|x64.Build.0 = Debug|Any CPU
		{9AF573B6-D788-4ED1-9B89-2102B0A29220}.Debug|x64.Deploy.0 = Debug|Any CPU
		{9AF573B6-D788-4ED1-9B89-2102B0A29220}.Debug|x86.ActiveCfg = Debug|Any CPU
		{9AF573B6-D788-4ED1-9B89-2102B0A29220}.Debug|x86.Build.0 = Debug|Any CPU
		{9AF573B6-D788-4ED1-9B89-2102B0A29220}.Debug|x86.Deploy.0 = Debug|Any CPU
		{9AF573B6-D788-4ED1-9B89-2102B0A29220}.Release|Any CPU.ActiveCfg = Release|Any CPU
		{9AF573B6-D788-4ED1-9B89-2102B0A29220}.Release|Any CPU.Build.0 = Release|Any CPU
		{9AF573B6-D788-4ED1-9B89-2102B0A29220}.Release|Any CPU.Deploy.0 = Release|Any CPU
		{9AF573B6-D788-4ED1-9B89-2102B0A29220}.Release|ARM.ActiveCfg = Release|Any CPU
		{9AF573B6-D788-4ED1-9B89-2102B0A29220}.Release|ARM.Build.0 = Release|Any CPU
		{9AF573B6-D788-4ED1-9B89-2102B0A29220}.Release|ARM.Deploy.0 = Release|Any CPU
		{9AF573B6-D788-4ED1-9B89-2102B0A29220}.Release|iPhone.ActiveCfg = Release|Any CPU
		{9AF573B6-D788-4ED1-9B89-2102B0A29220}.Release|iPhone.Build.0 = Release|Any CPU
		{9AF573B6-D788-4ED1-9B89-2102B0A29220}.Release|iPhone.Deploy.0 = Release|Any CPU
		{9AF573B6-D788-4ED1-9B89-2102B0A29220}.Release|iPhoneSimulator.ActiveCfg = Release|Any CPU
		{9AF573B6-D788-4ED1-9B89-2102B0A29220}.Release|iPhoneSimulator.Build.0 = Release|Any CPU
		{9AF573B6-D788-4ED1-9B89-2102B0A29220}.Release|iPhoneSimulator.Deploy.0 = Release|Any CPU
		{9AF573B6-D788-4ED1-9B89-2102B0A29220}.Release|x64.ActiveCfg = Release|Any CPU
		{9AF573B6-D788-4ED1-9B89-2102B0A29220}.Release|x64.Build.0 = Release|Any CPU
		{9AF573B6-D788-4ED1-9B89-2102B0A29220}.Release|x64.Deploy.0 = Release|Any CPU
		{9AF573B6-D788-4ED1-9B89-2102B0A29220}.Release|x86.ActiveCfg = Release|Any CPU
		{9AF573B6-D788-4ED1-9B89-2102B0A29220}.Release|x86.Build.0 = Release|Any CPU
		{9AF573B6-D788-4ED1-9B89-2102B0A29220}.Release|x86.Deploy.0 = Release|Any CPU
		{08E18AB9-5B99-49C1-A1D3-4F03CBCEA5CE}.Ad-Hoc|Any CPU.ActiveCfg = Ad-Hoc|iPhone
		{08E18AB9-5B99-49C1-A1D3-4F03CBCEA5CE}.Ad-Hoc|Any CPU.Build.0 = Ad-Hoc|iPhone
		{08E18AB9-5B99-49C1-A1D3-4F03CBCEA5CE}.Ad-Hoc|Any CPU.Deploy.0 = Ad-Hoc|iPhone
		{08E18AB9-5B99-49C1-A1D3-4F03CBCEA5CE}.Ad-Hoc|ARM.ActiveCfg = Ad-Hoc|iPhone
		{08E18AB9-5B99-49C1-A1D3-4F03CBCEA5CE}.Ad-Hoc|ARM.Build.0 = Ad-Hoc|iPhone
		{08E18AB9-5B99-49C1-A1D3-4F03CBCEA5CE}.Ad-Hoc|ARM.Deploy.0 = Ad-Hoc|iPhone
		{08E18AB9-5B99-49C1-A1D3-4F03CBCEA5CE}.Ad-Hoc|iPhone.ActiveCfg = Ad-Hoc|iPhone
		{08E18AB9-5B99-49C1-A1D3-4F03CBCEA5CE}.Ad-Hoc|iPhone.Build.0 = Ad-Hoc|iPhone
		{08E18AB9-5B99-49C1-A1D3-4F03CBCEA5CE}.Ad-Hoc|iPhone.Deploy.0 = Ad-Hoc|iPhone
		{08E18AB9-5B99-49C1-A1D3-4F03CBCEA5CE}.Ad-Hoc|iPhoneSimulator.ActiveCfg = Ad-Hoc|iPhoneSimulator
		{08E18AB9-5B99-49C1-A1D3-4F03CBCEA5CE}.Ad-Hoc|iPhoneSimulator.Build.0 = Ad-Hoc|iPhoneSimulator
		{08E18AB9-5B99-49C1-A1D3-4F03CBCEA5CE}.Ad-Hoc|iPhoneSimulator.Deploy.0 = Ad-Hoc|iPhoneSimulator
		{08E18AB9-5B99-49C1-A1D3-4F03CBCEA5CE}.Ad-Hoc|x64.ActiveCfg = Ad-Hoc|iPhone
		{08E18AB9-5B99-49C1-A1D3-4F03CBCEA5CE}.Ad-Hoc|x64.Build.0 = Ad-Hoc|iPhone
		{08E18AB9-5B99-49C1-A1D3-4F03CBCEA5CE}.Ad-Hoc|x64.Deploy.0 = Ad-Hoc|iPhone
		{08E18AB9-5B99-49C1-A1D3-4F03CBCEA5CE}.Ad-Hoc|x86.ActiveCfg = Ad-Hoc|iPhone
		{08E18AB9-5B99-49C1-A1D3-4F03CBCEA5CE}.Ad-Hoc|x86.Build.0 = Ad-Hoc|iPhone
		{08E18AB9-5B99-49C1-A1D3-4F03CBCEA5CE}.Ad-Hoc|x86.Deploy.0 = Ad-Hoc|iPhone
		{08E18AB9-5B99-49C1-A1D3-4F03CBCEA5CE}.AppStore|Any CPU.ActiveCfg = AppStore|iPhone
		{08E18AB9-5B99-49C1-A1D3-4F03CBCEA5CE}.AppStore|Any CPU.Build.0 = AppStore|iPhone
		{08E18AB9-5B99-49C1-A1D3-4F03CBCEA5CE}.AppStore|Any CPU.Deploy.0 = AppStore|iPhone
		{08E18AB9-5B99-49C1-A1D3-4F03CBCEA5CE}.AppStore|ARM.ActiveCfg = AppStore|iPhone
		{08E18AB9-5B99-49C1-A1D3-4F03CBCEA5CE}.AppStore|ARM.Build.0 = AppStore|iPhone
		{08E18AB9-5B99-49C1-A1D3-4F03CBCEA5CE}.AppStore|ARM.Deploy.0 = AppStore|iPhone
		{08E18AB9-5B99-49C1-A1D3-4F03CBCEA5CE}.AppStore|iPhone.ActiveCfg = AppStore|iPhone
		{08E18AB9-5B99-49C1-A1D3-4F03CBCEA5CE}.AppStore|iPhone.Build.0 = AppStore|iPhone
		{08E18AB9-5B99-49C1-A1D3-4F03CBCEA5CE}.AppStore|iPhone.Deploy.0 = AppStore|iPhone
		{08E18AB9-5B99-49C1-A1D3-4F03CBCEA5CE}.AppStore|iPhoneSimulator.ActiveCfg = AppStore|iPhoneSimulator
		{08E18AB9-5B99-49C1-A1D3-4F03CBCEA5CE}.AppStore|iPhoneSimulator.Build.0 = AppStore|iPhoneSimulator
		{08E18AB9-5B99-49C1-A1D3-4F03CBCEA5CE}.AppStore|iPhoneSimulator.Deploy.0 = AppStore|iPhoneSimulator
		{08E18AB9-5B99-49C1-A1D3-4F03CBCEA5CE}.AppStore|x64.ActiveCfg = AppStore|iPhone
		{08E18AB9-5B99-49C1-A1D3-4F03CBCEA5CE}.AppStore|x64.Build.0 = AppStore|iPhone
		{08E18AB9-5B99-49C1-A1D3-4F03CBCEA5CE}.AppStore|x64.Deploy.0 = AppStore|iPhone
		{08E18AB9-5B99-49C1-A1D3-4F03CBCEA5CE}.AppStore|x86.ActiveCfg = AppStore|iPhone
		{08E18AB9-5B99-49C1-A1D3-4F03CBCEA5CE}.AppStore|x86.Build.0 = AppStore|iPhone
		{08E18AB9-5B99-49C1-A1D3-4F03CBCEA5CE}.AppStore|x86.Deploy.0 = AppStore|iPhone
		{08E18AB9-5B99-49C1-A1D3-4F03CBCEA5CE}.Debug|Any CPU.ActiveCfg = Debug|iPhoneSimulator
		{08E18AB9-5B99-49C1-A1D3-4F03CBCEA5CE}.Debug|Any CPU.Build.0 = Debug|iPhoneSimulator
		{08E18AB9-5B99-49C1-A1D3-4F03CBCEA5CE}.Debug|Any CPU.Deploy.0 = Debug|iPhoneSimulator
		{08E18AB9-5B99-49C1-A1D3-4F03CBCEA5CE}.Debug|ARM.ActiveCfg = Debug|iPhone
		{08E18AB9-5B99-49C1-A1D3-4F03CBCEA5CE}.Debug|ARM.Build.0 = Debug|iPhone
		{08E18AB9-5B99-49C1-A1D3-4F03CBCEA5CE}.Debug|ARM.Deploy.0 = Debug|iPhone
		{08E18AB9-5B99-49C1-A1D3-4F03CBCEA5CE}.Debug|iPhone.ActiveCfg = Debug|iPhone
		{08E18AB9-5B99-49C1-A1D3-4F03CBCEA5CE}.Debug|iPhone.Build.0 = Debug|iPhone
		{08E18AB9-5B99-49C1-A1D3-4F03CBCEA5CE}.Debug|iPhone.Deploy.0 = Debug|iPhone
		{08E18AB9-5B99-49C1-A1D3-4F03CBCEA5CE}.Debug|iPhoneSimulator.ActiveCfg = Debug|iPhoneSimulator
		{08E18AB9-5B99-49C1-A1D3-4F03CBCEA5CE}.Debug|iPhoneSimulator.Build.0 = Debug|iPhoneSimulator
		{08E18AB9-5B99-49C1-A1D3-4F03CBCEA5CE}.Debug|iPhoneSimulator.Deploy.0 = Debug|iPhoneSimulator
		{08E18AB9-5B99-49C1-A1D3-4F03CBCEA5CE}.Debug|x64.ActiveCfg = Debug|iPhone
		{08E18AB9-5B99-49C1-A1D3-4F03CBCEA5CE}.Debug|x64.Build.0 = Debug|iPhone
		{08E18AB9-5B99-49C1-A1D3-4F03CBCEA5CE}.Debug|x64.Deploy.0 = Debug|iPhone
		{08E18AB9-5B99-49C1-A1D3-4F03CBCEA5CE}.Debug|x86.ActiveCfg = Debug|iPhone
		{08E18AB9-5B99-49C1-A1D3-4F03CBCEA5CE}.Debug|x86.Build.0 = Debug|iPhone
		{08E18AB9-5B99-49C1-A1D3-4F03CBCEA5CE}.Debug|x86.Deploy.0 = Debug|iPhone
		{08E18AB9-5B99-49C1-A1D3-4F03CBCEA5CE}.Release|Any CPU.ActiveCfg = Release|iPhone
		{08E18AB9-5B99-49C1-A1D3-4F03CBCEA5CE}.Release|Any CPU.Build.0 = Release|iPhone
		{08E18AB9-5B99-49C1-A1D3-4F03CBCEA5CE}.Release|Any CPU.Deploy.0 = Release|iPhone
		{08E18AB9-5B99-49C1-A1D3-4F03CBCEA5CE}.Release|ARM.ActiveCfg = Release|iPhone
		{08E18AB9-5B99-49C1-A1D3-4F03CBCEA5CE}.Release|ARM.Build.0 = Release|iPhone
		{08E18AB9-5B99-49C1-A1D3-4F03CBCEA5CE}.Release|ARM.Deploy.0 = Release|iPhone
		{08E18AB9-5B99-49C1-A1D3-4F03CBCEA5CE}.Release|iPhone.ActiveCfg = Release|iPhone
		{08E18AB9-5B99-49C1-A1D3-4F03CBCEA5CE}.Release|iPhone.Build.0 = Release|iPhone
		{08E18AB9-5B99-49C1-A1D3-4F03CBCEA5CE}.Release|iPhone.Deploy.0 = Release|iPhone
		{08E18AB9-5B99-49C1-A1D3-4F03CBCEA5CE}.Release|iPhoneSimulator.ActiveCfg = Release|iPhoneSimulator
		{08E18AB9-5B99-49C1-A1D3-4F03CBCEA5CE}.Release|iPhoneSimulator.Build.0 = Release|iPhoneSimulator
		{08E18AB9-5B99-49C1-A1D3-4F03CBCEA5CE}.Release|iPhoneSimulator.Deploy.0 = Release|iPhoneSimulator
		{08E18AB9-5B99-49C1-A1D3-4F03CBCEA5CE}.Release|x64.ActiveCfg = Release|iPhone
		{08E18AB9-5B99-49C1-A1D3-4F03CBCEA5CE}.Release|x64.Build.0 = Release|iPhone
		{08E18AB9-5B99-49C1-A1D3-4F03CBCEA5CE}.Release|x64.Deploy.0 = Release|iPhone
		{08E18AB9-5B99-49C1-A1D3-4F03CBCEA5CE}.Release|x86.ActiveCfg = Release|iPhone
		{08E18AB9-5B99-49C1-A1D3-4F03CBCEA5CE}.Release|x86.Build.0 = Release|iPhone
		{08E18AB9-5B99-49C1-A1D3-4F03CBCEA5CE}.Release|x86.Deploy.0 = Release|iPhone
		{5FB2A9B6-FC2E-4EF7-87FA-F3D7338F2928}.Ad-Hoc|Any CPU.ActiveCfg = Release|x86
		{5FB2A9B6-FC2E-4EF7-87FA-F3D7338F2928}.Ad-Hoc|Any CPU.Build.0 = Release|x86
		{5FB2A9B6-FC2E-4EF7-87FA-F3D7338F2928}.Ad-Hoc|Any CPU.Deploy.0 = Release|x86
		{5FB2A9B6-FC2E-4EF7-87FA-F3D7338F2928}.Ad-Hoc|ARM.ActiveCfg = Release|ARM
		{5FB2A9B6-FC2E-4EF7-87FA-F3D7338F2928}.Ad-Hoc|ARM.Build.0 = Release|ARM
		{5FB2A9B6-FC2E-4EF7-87FA-F3D7338F2928}.Ad-Hoc|ARM.Deploy.0 = Release|ARM
		{5FB2A9B6-FC2E-4EF7-87FA-F3D7338F2928}.Ad-Hoc|iPhone.ActiveCfg = Release|x86
		{5FB2A9B6-FC2E-4EF7-87FA-F3D7338F2928}.Ad-Hoc|iPhone.Build.0 = Release|x86
		{5FB2A9B6-FC2E-4EF7-87FA-F3D7338F2928}.Ad-Hoc|iPhone.Deploy.0 = Release|x86
		{5FB2A9B6-FC2E-4EF7-87FA-F3D7338F2928}.Ad-Hoc|iPhoneSimulator.ActiveCfg = Release|x86
		{5FB2A9B6-FC2E-4EF7-87FA-F3D7338F2928}.Ad-Hoc|iPhoneSimulator.Build.0 = Release|x86
		{5FB2A9B6-FC2E-4EF7-87FA-F3D7338F2928}.Ad-Hoc|iPhoneSimulator.Deploy.0 = Release|x86
		{5FB2A9B6-FC2E-4EF7-87FA-F3D7338F2928}.Ad-Hoc|x64.ActiveCfg = Release|x64
		{5FB2A9B6-FC2E-4EF7-87FA-F3D7338F2928}.Ad-Hoc|x64.Build.0 = Release|x64
		{5FB2A9B6-FC2E-4EF7-87FA-F3D7338F2928}.Ad-Hoc|x64.Deploy.0 = Release|x64
		{5FB2A9B6-FC2E-4EF7-87FA-F3D7338F2928}.Ad-Hoc|x86.ActiveCfg = Release|x86
		{5FB2A9B6-FC2E-4EF7-87FA-F3D7338F2928}.Ad-Hoc|x86.Build.0 = Release|x86
		{5FB2A9B6-FC2E-4EF7-87FA-F3D7338F2928}.Ad-Hoc|x86.Deploy.0 = Release|x86
		{5FB2A9B6-FC2E-4EF7-87FA-F3D7338F2928}.AppStore|Any CPU.ActiveCfg = Release|x86
		{5FB2A9B6-FC2E-4EF7-87FA-F3D7338F2928}.AppStore|Any CPU.Build.0 = Release|x86
		{5FB2A9B6-FC2E-4EF7-87FA-F3D7338F2928}.AppStore|Any CPU.Deploy.0 = Release|x86
		{5FB2A9B6-FC2E-4EF7-87FA-F3D7338F2928}.AppStore|ARM.ActiveCfg = Release|ARM
		{5FB2A9B6-FC2E-4EF7-87FA-F3D7338F2928}.AppStore|ARM.Build.0 = Release|ARM
		{5FB2A9B6-FC2E-4EF7-87FA-F3D7338F2928}.AppStore|ARM.Deploy.0 = Release|ARM
		{5FB2A9B6-FC2E-4EF7-87FA-F3D7338F2928}.AppStore|iPhone.ActiveCfg = Release|x86
		{5FB2A9B6-FC2E-4EF7-87FA-F3D7338F2928}.AppStore|iPhone.Build.0 = Release|x86
		{5FB2A9B6-FC2E-4EF7-87FA-F3D7338F2928}.AppStore|iPhone.Deploy.0 = Release|x86
		{5FB2A9B6-FC2E-4EF7-87FA-F3D7338F2928}.AppStore|iPhoneSimulator.ActiveCfg = Release|x86
		{5FB2A9B6-FC2E-4EF7-87FA-F3D7338F2928}.AppStore|iPhoneSimulator.Build.0 = Release|x86
		{5FB2A9B6-FC2E-4EF7-87FA-F3D7338F2928}.AppStore|iPhoneSimulator.Deploy.0 = Release|x86
		{5FB2A9B6-FC2E-4EF7-87FA-F3D7338F2928}.AppStore|x64.ActiveCfg = Release|x64
		{5FB2A9B6-FC2E-4EF7-87FA-F3D7338F2928}.AppStore|x64.Build.0 = Release|x64
		{5FB2A9B6-FC2E-4EF7-87FA-F3D7338F2928}.AppStore|x64.Deploy.0 = Release|x64
		{5FB2A9B6-FC2E-4EF7-87FA-F3D7338F2928}.AppStore|x86.ActiveCfg = Release|x86
		{5FB2A9B6-FC2E-4EF7-87FA-F3D7338F2928}.AppStore|x86.Build.0 = Release|x86
		{5FB2A9B6-FC2E-4EF7-87FA-F3D7338F2928}.AppStore|x86.Deploy.0 = Release|x86
		{5FB2A9B6-FC2E-4EF7-87FA-F3D7338F2928}.Debug|Any CPU.ActiveCfg = Debug|x86
		{5FB2A9B6-FC2E-4EF7-87FA-F3D7338F2928}.Debug|Any CPU.Build.0 = Debug|x86
		{5FB2A9B6-FC2E-4EF7-87FA-F3D7338F2928}.Debug|Any CPU.Deploy.0 = Debug|x86
		{5FB2A9B6-FC2E-4EF7-87FA-F3D7338F2928}.Debug|ARM.ActiveCfg = Debug|ARM
		{5FB2A9B6-FC2E-4EF7-87FA-F3D7338F2928}.Debug|ARM.Build.0 = Debug|ARM
		{5FB2A9B6-FC2E-4EF7-87FA-F3D7338F2928}.Debug|ARM.Deploy.0 = Debug|ARM
		{5FB2A9B6-FC2E-4EF7-87FA-F3D7338F2928}.Debug|iPhone.ActiveCfg = Debug|x86
		{5FB2A9B6-FC2E-4EF7-87FA-F3D7338F2928}.Debug|iPhone.Build.0 = Debug|x86
		{5FB2A9B6-FC2E-4EF7-87FA-F3D7338F2928}.Debug|iPhone.Deploy.0 = Debug|x86
		{5FB2A9B6-FC2E-4EF7-87FA-F3D7338F2928}.Debug|iPhoneSimulator.ActiveCfg = Debug|x86
		{5FB2A9B6-FC2E-4EF7-87FA-F3D7338F2928}.Debug|iPhoneSimulator.Build.0 = Debug|x86
		{5FB2A9B6-FC2E-4EF7-87FA-F3D7338F2928}.Debug|iPhoneSimulator.Deploy.0 = Debug|x86
		{5FB2A9B6-FC2E-4EF7-87FA-F3D7338F2928}.Debug|x64.ActiveCfg = Debug|x64
		{5FB2A9B6-FC2E-4EF7-87FA-F3D7338F2928}.Debug|x64.Build.0 = Debug|x64
		{5FB2A9B6-FC2E-4EF7-87FA-F3D7338F2928}.Debug|x64.Deploy.0 = Debug|x64
		{5FB2A9B6-FC2E-4EF7-87FA-F3D7338F2928}.Debug|x86.ActiveCfg = Debug|x86
		{5FB2A9B6-FC2E-4EF7-87FA-F3D7338F2928}.Debug|x86.Build.0 = Debug|x86
		{5FB2A9B6-FC2E-4EF7-87FA-F3D7338F2928}.Debug|x86.Deploy.0 = Debug|x86
		{5FB2A9B6-FC2E-4EF7-87FA-F3D7338F2928}.Release|Any CPU.ActiveCfg = Release|x86
		{5FB2A9B6-FC2E-4EF7-87FA-F3D7338F2928}.Release|Any CPU.Build.0 = Release|x86
		{5FB2A9B6-FC2E-4EF7-87FA-F3D7338F2928}.Release|Any CPU.Deploy.0 = Release|x86
		{5FB2A9B6-FC2E-4EF7-87FA-F3D7338F2928}.Release|ARM.ActiveCfg = Release|ARM
		{5FB2A9B6-FC2E-4EF7-87FA-F3D7338F2928}.Release|ARM.Build.0 = Release|ARM
		{5FB2A9B6-FC2E-4EF7-87FA-F3D7338F2928}.Release|ARM.Deploy.0 = Release|ARM
		{5FB2A9B6-FC2E-4EF7-87FA-F3D7338F2928}.Release|iPhone.ActiveCfg = Release|x86
		{5FB2A9B6-FC2E-4EF7-87FA-F3D7338F2928}.Release|iPhone.Build.0 = Release|x86
		{5FB2A9B6-FC2E-4EF7-87FA-F3D7338F2928}.Release|iPhone.Deploy.0 = Release|x86
		{5FB2A9B6-FC2E-4EF7-87FA-F3D7338F2928}.Release|iPhoneSimulator.ActiveCfg = Release|x86
		{5FB2A9B6-FC2E-4EF7-87FA-F3D7338F2928}.Release|iPhoneSimulator.Build.0 = Release|x86
		{5FB2A9B6-FC2E-4EF7-87FA-F3D7338F2928}.Release|iPhoneSimulator.Deploy.0 = Release|x86
		{5FB2A9B6-FC2E-4EF7-87FA-F3D7338F2928}.Release|x64.ActiveCfg = Release|x64
		{5FB2A9B6-FC2E-4EF7-87FA-F3D7338F2928}.Release|x64.Build.0 = Release|x64
		{5FB2A9B6-FC2E-4EF7-87FA-F3D7338F2928}.Release|x64.Deploy.0 = Release|x64
		{5FB2A9B6-FC2E-4EF7-87FA-F3D7338F2928}.Release|x86.ActiveCfg = Release|x86
		{5FB2A9B6-FC2E-4EF7-87FA-F3D7338F2928}.Release|x86.Build.0 = Release|x86
		{5FB2A9B6-FC2E-4EF7-87FA-F3D7338F2928}.Release|x86.Deploy.0 = Release|x86
		{C3B346C5-D49F-42DE-B2FA-037660F8086D}.Ad-Hoc|Any CPU.ActiveCfg = Debug|Any CPU
		{C3B346C5-D49F-42DE-B2FA-037660F8086D}.Ad-Hoc|Any CPU.Build.0 = Debug|Any CPU
		{C3B346C5-D49F-42DE-B2FA-037660F8086D}.Ad-Hoc|Any CPU.Deploy.0 = Debug|Any CPU
		{C3B346C5-D49F-42DE-B2FA-037660F8086D}.Ad-Hoc|ARM.ActiveCfg = Debug|Any CPU
		{C3B346C5-D49F-42DE-B2FA-037660F8086D}.Ad-Hoc|ARM.Build.0 = Debug|Any CPU
		{C3B346C5-D49F-42DE-B2FA-037660F8086D}.Ad-Hoc|ARM.Deploy.0 = Debug|Any CPU
		{C3B346C5-D49F-42DE-B2FA-037660F8086D}.Ad-Hoc|iPhone.ActiveCfg = Debug|Any CPU
		{C3B346C5-D49F-42DE-B2FA-037660F8086D}.Ad-Hoc|iPhone.Build.0 = Debug|Any CPU
		{C3B346C5-D49F-42DE-B2FA-037660F8086D}.Ad-Hoc|iPhone.Deploy.0 = Debug|Any CPU
		{C3B346C5-D49F-42DE-B2FA-037660F8086D}.Ad-Hoc|iPhoneSimulator.ActiveCfg = Debug|Any CPU
		{C3B346C5-D49F-42DE-B2FA-037660F8086D}.Ad-Hoc|iPhoneSimulator.Build.0 = Debug|Any CPU
		{C3B346C5-D49F-42DE-B2FA-037660F8086D}.Ad-Hoc|iPhoneSimulator.Deploy.0 = Debug|Any CPU
		{C3B346C5-D49F-42DE-B2FA-037660F8086D}.Ad-Hoc|x64.ActiveCfg = Debug|Any CPU
		{C3B346C5-D49F-42DE-B2FA-037660F8086D}.Ad-Hoc|x64.Build.0 = Debug|Any CPU
		{C3B346C5-D49F-42DE-B2FA-037660F8086D}.Ad-Hoc|x64.Deploy.0 = Debug|Any CPU
		{C3B346C5-D49F-42DE-B2FA-037660F8086D}.Ad-Hoc|x86.ActiveCfg = Debug|Any CPU
		{C3B346C5-D49F-42DE-B2FA-037660F8086D}.Ad-Hoc|x86.Build.0 = Debug|Any CPU
		{C3B346C5-D49F-42DE-B2FA-037660F8086D}.Ad-Hoc|x86.Deploy.0 = Debug|Any CPU
		{C3B346C5-D49F-42DE-B2FA-037660F8086D}.AppStore|Any CPU.ActiveCfg = Debug|Any CPU
		{C3B346C5-D49F-42DE-B2FA-037660F8086D}.AppStore|Any CPU.Build.0 = Debug|Any CPU
		{C3B346C5-D49F-42DE-B2FA-037660F8086D}.AppStore|Any CPU.Deploy.0 = Debug|Any CPU
		{C3B346C5-D49F-42DE-B2FA-037660F8086D}.AppStore|ARM.ActiveCfg = Debug|Any CPU
		{C3B346C5-D49F-42DE-B2FA-037660F8086D}.AppStore|ARM.Build.0 = Debug|Any CPU
		{C3B346C5-D49F-42DE-B2FA-037660F8086D}.AppStore|ARM.Deploy.0 = Debug|Any CPU
		{C3B346C5-D49F-42DE-B2FA-037660F8086D}.AppStore|iPhone.ActiveCfg = Debug|Any CPU
		{C3B346C5-D49F-42DE-B2FA-037660F8086D}.AppStore|iPhone.Build.0 = Debug|Any CPU
		{C3B346C5-D49F-42DE-B2FA-037660F8086D}.AppStore|iPhone.Deploy.0 = Debug|Any CPU
		{C3B346C5-D49F-42DE-B2FA-037660F8086D}.AppStore|iPhoneSimulator.ActiveCfg = Debug|Any CPU
		{C3B346C5-D49F-42DE-B2FA-037660F8086D}.AppStore|iPhoneSimulator.Build.0 = Debug|Any CPU
		{C3B346C5-D49F-42DE-B2FA-037660F8086D}.AppStore|iPhoneSimulator.Deploy.0 = Debug|Any CPU
		{C3B346C5-D49F-42DE-B2FA-037660F8086D}.AppStore|x64.ActiveCfg = Debug|Any CPU
		{C3B346C5-D49F-42DE-B2FA-037660F8086D}.AppStore|x64.Build.0 = Debug|Any CPU
		{C3B346C5-D49F-42DE-B2FA-037660F8086D}.AppStore|x64.Deploy.0 = Debug|Any CPU
		{C3B346C5-D49F-42DE-B2FA-037660F8086D}.AppStore|x86.ActiveCfg = Debug|Any CPU
		{C3B346C5-D49F-42DE-B2FA-037660F8086D}.AppStore|x86.Build.0 = Debug|Any CPU
		{C3B346C5-D49F-42DE-B2FA-037660F8086D}.AppStore|x86.Deploy.0 = Debug|Any CPU
		{C3B346C5-D49F-42DE-B2FA-037660F8086D}.Debug|Any CPU.ActiveCfg = Debug|Any CPU
		{C3B346C5-D49F-42DE-B2FA-037660F8086D}.Debug|Any CPU.Build.0 = Debug|Any CPU
		{C3B346C5-D49F-42DE-B2FA-037660F8086D}.Debug|Any CPU.Deploy.0 = Debug|Any CPU
		{C3B346C5-D49F-42DE-B2FA-037660F8086D}.Debug|ARM.ActiveCfg = Debug|Any CPU
		{C3B346C5-D49F-42DE-B2FA-037660F8086D}.Debug|ARM.Build.0 = Debug|Any CPU
		{C3B346C5-D49F-42DE-B2FA-037660F8086D}.Debug|ARM.Deploy.0 = Debug|Any CPU
		{C3B346C5-D49F-42DE-B2FA-037660F8086D}.Debug|iPhone.ActiveCfg = Debug|Any CPU
		{C3B346C5-D49F-42DE-B2FA-037660F8086D}.Debug|iPhone.Build.0 = Debug|Any CPU
		{C3B346C5-D49F-42DE-B2FA-037660F8086D}.Debug|iPhone.Deploy.0 = Debug|Any CPU
		{C3B346C5-D49F-42DE-B2FA-037660F8086D}.Debug|iPhoneSimulator.ActiveCfg = Debug|Any CPU
		{C3B346C5-D49F-42DE-B2FA-037660F8086D}.Debug|iPhoneSimulator.Build.0 = Debug|Any CPU
		{C3B346C5-D49F-42DE-B2FA-037660F8086D}.Debug|iPhoneSimulator.Deploy.0 = Debug|Any CPU
		{C3B346C5-D49F-42DE-B2FA-037660F8086D}.Debug|x64.ActiveCfg = Debug|Any CPU
		{C3B346C5-D49F-42DE-B2FA-037660F8086D}.Debug|x64.Build.0 = Debug|Any CPU
		{C3B346C5-D49F-42DE-B2FA-037660F8086D}.Debug|x64.Deploy.0 = Debug|Any CPU
		{C3B346C5-D49F-42DE-B2FA-037660F8086D}.Debug|x86.ActiveCfg = Debug|Any CPU
		{C3B346C5-D49F-42DE-B2FA-037660F8086D}.Debug|x86.Build.0 = Debug|Any CPU
		{C3B346C5-D49F-42DE-B2FA-037660F8086D}.Debug|x86.Deploy.0 = Debug|Any CPU
		{C3B346C5-D49F-42DE-B2FA-037660F8086D}.Release|Any CPU.ActiveCfg = Release|Any CPU
		{C3B346C5-D49F-42DE-B2FA-037660F8086D}.Release|Any CPU.Build.0 = Release|Any CPU
		{C3B346C5-D49F-42DE-B2FA-037660F8086D}.Release|Any CPU.Deploy.0 = Release|Any CPU
		{C3B346C5-D49F-42DE-B2FA-037660F8086D}.Release|ARM.ActiveCfg = Release|Any CPU
		{C3B346C5-D49F-42DE-B2FA-037660F8086D}.Release|ARM.Build.0 = Release|Any CPU
		{C3B346C5-D49F-42DE-B2FA-037660F8086D}.Release|ARM.Deploy.0 = Release|Any CPU
		{C3B346C5-D49F-42DE-B2FA-037660F8086D}.Release|iPhone.ActiveCfg = Release|Any CPU
		{C3B346C5-D49F-42DE-B2FA-037660F8086D}.Release|iPhone.Build.0 = Release|Any CPU
		{C3B346C5-D49F-42DE-B2FA-037660F8086D}.Release|iPhone.Deploy.0 = Release|Any CPU
		{C3B346C5-D49F-42DE-B2FA-037660F8086D}.Release|iPhoneSimulator.ActiveCfg = Release|Any CPU
		{C3B346C5-D49F-42DE-B2FA-037660F8086D}.Release|iPhoneSimulator.Build.0 = Release|Any CPU
		{C3B346C5-D49F-42DE-B2FA-037660F8086D}.Release|iPhoneSimulator.Deploy.0 = Release|Any CPU
		{C3B346C5-D49F-42DE-B2FA-037660F8086D}.Release|x64.ActiveCfg = Release|Any CPU
		{C3B346C5-D49F-42DE-B2FA-037660F8086D}.Release|x64.Build.0 = Release|Any CPU
		{C3B346C5-D49F-42DE-B2FA-037660F8086D}.Release|x64.Deploy.0 = Release|Any CPU
		{C3B346C5-D49F-42DE-B2FA-037660F8086D}.Release|x86.ActiveCfg = Release|Any CPU
		{C3B346C5-D49F-42DE-B2FA-037660F8086D}.Release|x86.Build.0 = Release|Any CPU
		{C3B346C5-D49F-42DE-B2FA-037660F8086D}.Release|x86.Deploy.0 = Release|Any CPU
	EndGlobalSection
	GlobalSection(SolutionProperties) = preSolution
		HideSolutionNode = FALSE
	EndGlobalSection
	GlobalSection(ExtensibilityGlobals) = postSolution
		SolutionGuid = {FCBE1448-A6AA-4DEE-80D0-221EEC6338B4}
	EndGlobalSection
EndGlobal
